// !$*UTF8*$!
{
	archiveVersion = 1;
	classes = {
	};
	objectVersion = 50;
	objects = {

/* Begin PBXBuildFile section */
		A8A675D321728EA9007C0C3E /* AppDelegate.swift in Sources */ = {isa = PBXBuildFile; fileRef = A8A675D221728EA9007C0C3E /* AppDelegate.swift */; };
		A8A675D521728EA9007C0C3E /* ViewController.swift in Sources */ = {isa = PBXBuildFile; fileRef = A8A675D421728EA9007C0C3E /* ViewController.swift */; };
		A8A675D821728EA9007C0C3E /* Main.storyboard in Resources */ = {isa = PBXBuildFile; fileRef = A8A675D621728EA9007C0C3E /* Main.storyboard */; };
		A8A675DA21728EAB007C0C3E /* Assets.xcassets in Resources */ = {isa = PBXBuildFile; fileRef = A8A675D921728EAB007C0C3E /* Assets.xcassets */; };
		A8A675DD21728EAB007C0C3E /* LaunchScreen.storyboard in Resources */ = {isa = PBXBuildFile; fileRef = A8A675DB21728EAB007C0C3E /* LaunchScreen.storyboard */; };
		A8A675E821728EAB007C0C3E /* FlashcardsTests.swift in Sources */ = {isa = PBXBuildFile; fileRef = A8A675E721728EAB007C0C3E /* FlashcardsTests.swift */; };
		A8A675F321728EAB007C0C3E /* FlashcardsUITests.swift in Sources */ = {isa = PBXBuildFile; fileRef = A8A675F221728EAB007C0C3E /* FlashcardsUITests.swift */; };
/* End PBXBuildFile section */

/* Begin PBXContainerItemProxy section */
		A8A675E421728EAB007C0C3E /* PBXContainerItemProxy */ = {
			isa = PBXContainerItemProxy;
			containerPortal = A8A675C721728EA9007C0C3E /* Project object */;
			proxyType = 1;
			remoteGlobalIDString = A8A675CE21728EA9007C0C3E;
			remoteInfo = Flashcards;
		};
		A8A675EF21728EAB007C0C3E /* PBXContainerItemProxy */ = {
			isa = PBXContainerItemProxy;
			containerPortal = A8A675C721728EA9007C0C3E /* Project object */;
			proxyType = 1;
			remoteGlobalIDString = A8A675CE21728EA9007C0C3E;
			remoteInfo = Flashcards;
		};
/* End PBXContainerItemProxy section */

/* Begin PBXFileReference section */
		A8A675CF21728EA9007C0C3E /* Flashcards.app */ = {isa = PBXFileReference; explicitFileType = wrapper.application; includeInIndex = 0; path = Flashcards.app; sourceTree = BUILT_PRODUCTS_DIR; };
		A8A675D221728EA9007C0C3E /* AppDelegate.swift */ = {isa = PBXFileReference; lastKnownFileType = sourcecode.swift; path = AppDelegate.swift; sourceTree = "<group>"; };
		A8A675D421728EA9007C0C3E /* ViewController.swift */ = {isa = PBXFileReference; lastKnownFileType = sourcecode.swift; path = ViewController.swift; sourceTree = "<group>"; };
		A8A675D721728EA9007C0C3E /* Base */ = {isa = PBXFileReference; lastKnownFileType = file.storyboard; name = Base; path = Base.lproj/Main.storyboard; sourceTree = "<group>"; };
		A8A675D921728EAB007C0C3E /* Assets.xcassets */ = {isa = PBXFileReference; lastKnownFileType = folder.assetcatalog; path = Assets.xcassets; sourceTree = "<group>"; };
		A8A675DC21728EAB007C0C3E /* Base */ = {isa = PBXFileReference; lastKnownFileType = file.storyboard; name = Base; path = Base.lproj/LaunchScreen.storyboard; sourceTree = "<group>"; };
		A8A675DE21728EAB007C0C3E /* Info.plist */ = {isa = PBXFileReference; lastKnownFileType = text.plist.xml; path = Info.plist; sourceTree = "<group>"; };
		A8A675E321728EAB007C0C3E /* FlashcardsTests.xctest */ = {isa = PBXFileReference; explicitFileType = wrapper.cfbundle; includeInIndex = 0; path = FlashcardsTests.xctest; sourceTree = BUILT_PRODUCTS_DIR; };
		A8A675E721728EAB007C0C3E /* FlashcardsTests.swift */ = {isa = PBXFileReference; lastKnownFileType = sourcecode.swift; path = FlashcardsTests.swift; sourceTree = "<group>"; };
		A8A675E921728EAB007C0C3E /* Info.plist */ = {isa = PBXFileReference; lastKnownFileType = text.plist.xml; path = Info.plist; sourceTree = "<group>"; };
		A8A675EE21728EAB007C0C3E /* FlashcardsUITests.xctest */ = {isa = PBXFileReference; explicitFileType = wrapper.cfbundle; includeInIndex = 0; path = FlashcardsUITests.xctest; sourceTree = BUILT_PRODUCTS_DIR; };
		A8A675F221728EAB007C0C3E /* FlashcardsUITests.swift */ = {isa = PBXFileReference; lastKnownFileType = sourcecode.swift; path = FlashcardsUITests.swift; sourceTree = "<group>"; };
		A8A675F421728EAB007C0C3E /* Info.plist */ = {isa = PBXFileReference; lastKnownFileType = text.plist.xml; path = Info.plist; sourceTree = "<group>"; };
/* End PBXFileReference section */

/* Begin PBXFrameworksBuildPhase section */
		A8A675CC21728EA9007C0C3E /* Frameworks */ = {
			isa = PBXFrameworksBuildPhase;
			buildActionMask = 2147483647;
			files = (
			);
			runOnlyForDeploymentPostprocessing = 0;
		};
		A8A675E021728EAB007C0C3E /* Frameworks */ = {
			isa = PBXFrameworksBuildPhase;
			buildActionMask = 2147483647;
			files = (
			);
			runOnlyForDeploymentPostprocessing = 0;
		};
		A8A675EB21728EAB007C0C3E /* Frameworks */ = {
			isa = PBXFrameworksBuildPhase;
			buildActionMask = 2147483647;
			files = (
			);
			runOnlyForDeploymentPostprocessing = 0;
		};
/* End PBXFrameworksBuildPhase section */

/* Begin PBXGroup section */
		A8A675C621728EA9007C0C3E = {
			isa = PBXGroup;
			children = (
				A8A675D121728EA9007C0C3E /* Flashcards */,
				A8A675E621728EAB007C0C3E /* FlashcardsTests */,
				A8A675F121728EAB007C0C3E /* FlashcardsUITests */,
				A8A675D021728EA9007C0C3E /* Products */,
			);
			sourceTree = "<group>";
		};
		A8A675D021728EA9007C0C3E /* Products */ = {
			isa = PBXGroup;
			children = (
				A8A675CF21728EA9007C0C3E /* Flashcards.app */,
				A8A675E321728EAB007C0C3E /* FlashcardsTests.xctest */,
				A8A675EE21728EAB007C0C3E /* FlashcardsUITests.xctest */,
			);
			name = Products;
			sourceTree = "<group>";
		};
		A8A675D121728EA9007C0C3E /* Flashcards */ = {
			isa = PBXGroup;
			children = (
				A8A675D221728EA9007C0C3E /* AppDelegate.swift */,
				A8A675D421728EA9007C0C3E /* ViewController.swift */,
				A8A675D621728EA9007C0C3E /* Main.storyboard */,
				A8A675D921728EAB007C0C3E /* Assets.xcassets */,
				A8A675DB21728EAB007C0C3E /* LaunchScreen.storyboard */,
				A8A675DE21728EAB007C0C3E /* Info.plist */,
			);
			path = Flashcards;
			sourceTree = "<group>";
		};
		A8A675E621728EAB007C0C3E /* FlashcardsTests */ = {
			isa = PBXGroup;
			children = (
				A8A675E721728EAB007C0C3E /* FlashcardsTests.swift */,
				A8A675E921728EAB007C0C3E /* Info.plist */,
			);
			path = FlashcardsTests;
			sourceTree = "<group>";
		};
		A8A675F121728EAB007C0C3E /* FlashcardsUITests */ = {
			isa = PBXGroup;
			children = (
				A8A675F221728EAB007C0C3E /* FlashcardsUITests.swift */,
				A8A675F421728EAB007C0C3E /* Info.plist */,
			);
			path = FlashcardsUITests;
			sourceTree = "<group>";
		};
/* End PBXGroup section */

/* Begin PBXNativeTarget section */
		A8A675CE21728EA9007C0C3E /* Flashcards */ = {
			isa = PBXNativeTarget;
			buildConfigurationList = A8A675F721728EAB007C0C3E /* Build configuration list for PBXNativeTarget "Flashcards" */;
			buildPhases = (
				A8A675CB21728EA9007C0C3E /* Sources */,
				A8A675CC21728EA9007C0C3E /* Frameworks */,
				A8A675CD21728EA9007C0C3E /* Resources */,
			);
			buildRules = (
			);
			dependencies = (
			);
			name = Flashcards;
			productName = Flashcards;
			productReference = A8A675CF21728EA9007C0C3E /* Flashcards.app */;
			productType = "com.apple.product-type.application";
		};
		A8A675E221728EAB007C0C3E /* FlashcardsTests */ = {
			isa = PBXNativeTarget;
			buildConfigurationList = A8A675FA21728EAB007C0C3E /* Build configuration list for PBXNativeTarget "FlashcardsTests" */;
			buildPhases = (
				A8A675DF21728EAB007C0C3E /* Sources */,
				A8A675E021728EAB007C0C3E /* Frameworks */,
				A8A675E121728EAB007C0C3E /* Resources */,
			);
			buildRules = (
			);
			dependencies = (
				A8A675E521728EAB007C0C3E /* PBXTargetDependency */,
			);
			name = FlashcardsTests;
			productName = FlashcardsTests;
			productReference = A8A675E321728EAB007C0C3E /* FlashcardsTests.xctest */;
			productType = "com.apple.product-type.bundle.unit-test";
		};
		A8A675ED21728EAB007C0C3E /* FlashcardsUITests */ = {
			isa = PBXNativeTarget;
			buildConfigurationList = A8A675FD21728EAB007C0C3E /* Build configuration list for PBXNativeTarget "FlashcardsUITests" */;
			buildPhases = (
				A8A675EA21728EAB007C0C3E /* Sources */,
				A8A675EB21728EAB007C0C3E /* Frameworks */,
				A8A675EC21728EAB007C0C3E /* Resources */,
			);
			buildRules = (
			);
			dependencies = (
				A8A675F021728EAB007C0C3E /* PBXTargetDependency */,
			);
			name = FlashcardsUITests;
			productName = FlashcardsUITests;
			productReference = A8A675EE21728EAB007C0C3E /* FlashcardsUITests.xctest */;
			productType = "com.apple.product-type.bundle.ui-testing";
		};
/* End PBXNativeTarget section */

/* Begin PBXProject section */
		A8A675C721728EA9007C0C3E /* Project object */ = {
			isa = PBXProject;
			attributes = {
				LastSwiftUpdateCheck = 1000;
				LastUpgradeCheck = 1000;
				ORGANIZATIONNAME = "Adrian Smith";
				TargetAttributes = {
					A8A675CE21728EA9007C0C3E = {
						CreatedOnToolsVersion = 10.0;
					};
					A8A675E221728EAB007C0C3E = {
						CreatedOnToolsVersion = 10.0;
						TestTargetID = A8A675CE21728EA9007C0C3E;
					};
					A8A675ED21728EAB007C0C3E = {
						CreatedOnToolsVersion = 10.0;
						TestTargetID = A8A675CE21728EA9007C0C3E;
					};
				};
			};
			buildConfigurationList = A8A675CA21728EA9007C0C3E /* Build configuration list for PBXProject "Flashcards" */;
			compatibilityVersion = "Xcode 9.3";
			developmentRegion = en;
			hasScannedForEncodings = 0;
			knownRegions = (
				en,
				Base,
			);
			mainGroup = A8A675C621728EA9007C0C3E;
			productRefGroup = A8A675D021728EA9007C0C3E /* Products */;
			projectDirPath = "";
			projectRoot = "";
			targets = (
				A8A675CE21728EA9007C0C3E /* Flashcards */,
				A8A675E221728EAB007C0C3E /* FlashcardsTests */,
				A8A675ED21728EAB007C0C3E /* FlashcardsUITests */,
			);
		};
/* End PBXProject section */

/* Begin PBXResourcesBuildPhase section */
		A8A675CD21728EA9007C0C3E /* Resources */ = {
			isa = PBXResourcesBuildPhase;
			buildActionMask = 2147483647;
			files = (
				A8A675DD21728EAB007C0C3E /* LaunchScreen.storyboard in Resources */,
				A8A675DA21728EAB007C0C3E /* Assets.xcassets in Resources */,
				A8A675D821728EA9007C0C3E /* Main.storyboard in Resources */,
			);
			runOnlyForDeploymentPostprocessing = 0;
		};
		A8A675E121728EAB007C0C3E /* Resources */ = {
			isa = PBXResourcesBuildPhase;
			buildActionMask = 2147483647;
			files = (
			);
			runOnlyForDeploymentPostprocessing = 0;
		};
		A8A675EC21728EAB007C0C3E /* Resources */ = {
			isa = PBXResourcesBuildPhase;
			buildActionMask = 2147483647;
			files = (
			);
			runOnlyForDeploymentPostprocessing = 0;
		};
/* End PBXResourcesBuildPhase section */

/* Begin PBXSourcesBuildPhase section */
		A8A675CB21728EA9007C0C3E /* Sources */ = {
			isa = PBXSourcesBuildPhase;
			buildActionMask = 2147483647;
			files = (
				A8A675D521728EA9007C0C3E /* ViewController.swift in Sources */,
				A8A675D321728EA9007C0C3E /* AppDelegate.swift in Sources */,
			);
			runOnlyForDeploymentPostprocessing = 0;
		};
		A8A675DF21728EAB007C0C3E /* Sources */ = {
			isa = PBXSourcesBuildPhase;
			buildActionMask = 2147483647;
			files = (
				A8A675E821728EAB007C0C3E /* FlashcardsTests.swift in Sources */,
			);
			runOnlyForDeploymentPostprocessing = 0;
		};
		A8A675EA21728EAB007C0C3E /* Sources */ = {
			isa = PBXSourcesBuildPhase;
			buildActionMask = 2147483647;
			files = (
				A8A675F321728EAB007C0C3E /* FlashcardsUITests.swift in Sources */,
			);
			runOnlyForDeploymentPostprocessing = 0;
		};
/* End PBXSourcesBuildPhase section */

/* Begin PBXTargetDependency section */
		A8A675E521728EAB007C0C3E /* PBXTargetDependency */ = {
			isa = PBXTargetDependency;
			target = A8A675CE21728EA9007C0C3E /* Flashcards */;
			targetProxy = A8A675E421728EAB007C0C3E /* PBXContainerItemProxy */;
		};
		A8A675F021728EAB007C0C3E /* PBXTargetDependency */ = {
			isa = PBXTargetDependency;
			target = A8A675CE21728EA9007C0C3E /* Flashcards */;
			targetProxy = A8A675EF21728EAB007C0C3E /* PBXContainerItemProxy */;
		};
/* End PBXTargetDependency section */

/* Begin PBXVariantGroup section */
		A8A675D621728EA9007C0C3E /* Main.storyboard */ = {
			isa = PBXVariantGroup;
			children = (
				A8A675D721728EA9007C0C3E /* Base */,
			);
			name = Main.storyboard;
			sourceTree = "<group>";
		};
		A8A675DB21728EAB007C0C3E /* LaunchScreen.storyboard */ = {
			isa = PBXVariantGroup;
			children = (
				A8A675DC21728EAB007C0C3E /* Base */,
			);
			name = LaunchScreen.storyboard;
			sourceTree = "<group>";
		};
/* End PBXVariantGroup section */

/* Begin XCBuildConfiguration section */
		A8A675F521728EAB007C0C3E /* Debug */ = {
			isa = XCBuildConfiguration;
			buildSettings = {
				ALWAYS_SEARCH_USER_PATHS = NO;
				CLANG_ANALYZER_NONNULL = YES;
				CLANG_ANALYZER_NUMBER_OBJECT_CONVERSION = YES_AGGRESSIVE;
				CLANG_CXX_LANGUAGE_STANDARD = "gnu++14";
				CLANG_CXX_LIBRARY = "libc++";
				CLANG_ENABLE_MODULES = YES;
				CLANG_ENABLE_OBJC_ARC = YES;
				CLANG_ENABLE_OBJC_WEAK = YES;
				CLANG_WARN_BLOCK_CAPTURE_AUTORELEASING = YES;
				CLANG_WARN_BOOL_CONVERSION = YES;
				CLANG_WARN_COMMA = YES;
				CLANG_WARN_CONSTANT_CONVERSION = YES;
				CLANG_WARN_DEPRECATED_OBJC_IMPLEMENTATIONS = YES;
				CLANG_WARN_DIRECT_OBJC_ISA_USAGE = YES_ERROR;
				CLANG_WARN_DOCUMENTATION_COMMENTS = YES;
				CLANG_WARN_EMPTY_BODY = YES;
				CLANG_WARN_ENUM_CONVERSION = YES;
				CLANG_WARN_INFINITE_RECURSION = YES;
				CLANG_WARN_INT_CONVERSION = YES;
				CLANG_WARN_NON_LITERAL_NULL_CONVERSION = YES;
				CLANG_WARN_OBJC_IMPLICIT_RETAIN_SELF = YES;
				CLANG_WARN_OBJC_LITERAL_CONVERSION = YES;
				CLANG_WARN_OBJC_ROOT_CLASS = YES_ERROR;
				CLANG_WARN_RANGE_LOOP_ANALYSIS = YES;
				CLANG_WARN_STRICT_PROTOTYPES = YES;
				CLANG_WARN_SUSPICIOUS_MOVE = YES;
				CLANG_WARN_UNGUARDED_AVAILABILITY = YES_AGGRESSIVE;
				CLANG_WARN_UNREACHABLE_CODE = YES;
				CLANG_WARN__DUPLICATE_METHOD_MATCH = YES;
				CODE_SIGN_IDENTITY = "iPhone Developer";
				COPY_PHASE_STRIP = NO;
				DEBUG_INFORMATION_FORMAT = dwarf;
				ENABLE_STRICT_OBJC_MSGSEND = YES;
				ENABLE_TESTABILITY = YES;
				GCC_C_LANGUAGE_STANDARD = gnu11;
				GCC_DYNAMIC_NO_PIC = NO;
				GCC_NO_COMMON_BLOCKS = YES;
				GCC_OPTIMIZATION_LEVEL = 0;
				GCC_PREPROCESSOR_DEFINITIONS = (
					"DEBUG=1",
					"$(inherited)",
				);
				GCC_WARN_64_TO_32_BIT_CONVERSION = YES;
				GCC_WARN_ABOUT_RETURN_TYPE = YES_ERROR;
				GCC_WARN_UNDECLARED_SELECTOR = YES;
				GCC_WARN_UNINITIALIZED_AUTOS = YES_AGGRESSIVE;
				GCC_WARN_UNUSED_FUNCTION = YES;
				GCC_WARN_UNUSED_VARIABLE = YES;
				IPHONEOS_DEPLOYMENT_TARGET = 12.0;
				MTL_ENABLE_DEBUG_INFO = INCLUDE_SOURCE;
				MTL_FAST_MATH = YES;
				ONLY_ACTIVE_ARCH = YES;
				SDKROOT = iphoneos;
				SWIFT_ACTIVE_COMPILATION_CONDITIONS = DEBUG;
				SWIFT_OPTIMIZATION_LEVEL = "-Onone";
			};
			name = Debug;
		};
		A8A675F621728EAB007C0C3E /* Release */ = {
			isa = XCBuildConfiguration;
			buildSettings = {
				ALWAYS_SEARCH_USER_PATHS = NO;
				CLANG_ANALYZER_NONNULL = YES;
				CLANG_ANALYZER_NUMBER_OBJECT_CONVERSION = YES_AGGRESSIVE;
				CLANG_CXX_LANGUAGE_STANDARD = "gnu++14";
				CLANG_CXX_LIBRARY = "libc++";
				CLANG_ENABLE_MODULES = YES;
				CLANG_ENABLE_OBJC_ARC = YES;
				CLANG_ENABLE_OBJC_WEAK = YES;
				CLANG_WARN_BLOCK_CAPTURE_AUTORELEASING = YES;
				CLANG_WARN_BOOL_CONVERSION = YES;
				CLANG_WARN_COMMA = YES;
				CLANG_WARN_CONSTANT_CONVERSION = YES;
				CLANG_WARN_DEPRECATED_OBJC_IMPLEMENTATIONS = YES;
				CLANG_WARN_DIRECT_OBJC_ISA_USAGE = YES_ERROR;
				CLANG_WARN_DOCUMENTATION_COMMENTS = YES;
				CLANG_WARN_EMPTY_BODY = YES;
				CLANG_WARN_ENUM_CONVERSION = YES;
				CLANG_WARN_INFINITE_RECURSION = YES;
				CLANG_WARN_INT_CONVERSION = YES;
				CLANG_WARN_NON_LITERAL_NULL_CONVERSION = YES;
				CLANG_WARN_OBJC_IMPLICIT_RETAIN_SELF = YES;
				CLANG_WARN_OBJC_LITERAL_CONVERSION = YES;
				CLANG_WARN_OBJC_ROOT_CLASS = YES_ERROR;
				CLANG_WARN_RANGE_LOOP_ANALYSIS = YES;
				CLANG_WARN_STRICT_PROTOTYPES = YES;
				CLANG_WARN_SUSPICIOUS_MOVE = YES;
				CLANG_WARN_UNGUARDED_AVAILABILITY = YES_AGGRESSIVE;
				CLANG_WARN_UNREACHABLE_CODE = YES;
				CLANG_WARN__DUPLICATE_METHOD_MATCH = YES;
				CODE_SIGN_IDENTITY = "iPhone Developer";
				COPY_PHASE_STRIP = NO;
				DEBUG_INFORMATION_FORMAT = "dwarf-with-dsym";
				ENABLE_NS_ASSERTIONS = NO;
				ENABLE_STRICT_OBJC_MSGSEND = YES;
				GCC_C_LANGUAGE_STANDARD = gnu11;
				GCC_NO_COMMON_BLOCKS = YES;
				GCC_WARN_64_TO_32_BIT_CONVERSION = YES;
				GCC_WARN_ABOUT_RETURN_TYPE = YES_ERROR;
				GCC_WARN_UNDECLARED_SELECTOR = YES;
				GCC_WARN_UNINITIALIZED_AUTOS = YES_AGGRESSIVE;
				GCC_WARN_UNUSED_FUNCTION = YES;
				GCC_WARN_UNUSED_VARIABLE = YES;
				IPHONEOS_DEPLOYMENT_TARGET = 12.0;
				MTL_ENABLE_DEBUG_INFO = NO;
				MTL_FAST_MATH = YES;
				SDKROOT = iphoneos;
				SWIFT_COMPILATION_MODE = wholemodule;
				SWIFT_OPTIMIZATION_LEVEL = "-O";
				VALIDATE_PRODUCT = YES;
			};
			name = Release;
		};
		A8A675F821728EAB007C0C3E /* Debug */ = {
			isa = XCBuildConfiguration;
			buildSettings = {
				ASSETCATALOG_COMPILER_APPICON_NAME = AppIcon;
				CODE_SIGN_STYLE = Automatic;
				DEVELOPMENT_TEAM = CQXBT69VFB;
				INFOPLIST_FILE = Flashcards/Info.plist;
				LD_RUNPATH_SEARCH_PATHS = (
					"$(inherited)",
					"@executable_path/Frameworks",
				);
				PRODUCT_BUNDLE_IDENTIFIER = com.adriansmith.Flashcards;
				PRODUCT_NAME = "$(TARGET_NAME)";
				SWIFT_VERSION = 4.2;
				TARGETED_DEVICE_FAMILY = "1,2";
			};
			name = Debug;
		};
		A8A675F921728EAB007C0C3E /* Release */ = {
			isa = XCBuildConfiguration;
			buildSettings = {
				ASSETCATALOG_COMPILER_APPICON_NAME = AppIcon;
				CODE_SIGN_STYLE = Automatic;
				DEVELOPMENT_TEAM = CQXBT69VFB;
				INFOPLIST_FILE = Flashcards/Info.plist;
				LD_RUNPATH_SEARCH_PATHS = (
					"$(inherited)",
					"@executable_path/Frameworks",
				);
				PRODUCT_BUNDLE_IDENTIFIER = com.adriansmith.Flashcards;
				PRODUCT_NAME = "$(TARGET_NAME)";
				SWIFT_VERSION = 4.2;
				TARGETED_DEVICE_FAMILY = "1,2";
			};
			name = Release;
		};
		A8A675FB21728EAB007C0C3E /* Debug */ = {
			isa = XCBuildConfiguration;
			buildSettings = {
				ALWAYS_EMBED_SWIFT_STANDARD_LIBRARIES = YES;
				BUNDLE_LOADER = "$(TEST_HOST)";
				CODE_SIGN_STYLE = Automatic;
				DEVELOPMENT_TEAM = CQXBT69VFB;
				INFOPLIST_FILE = FlashcardsTests/Info.plist;
				LD_RUNPATH_SEARCH_PATHS = (
					"$(inherited)",
					"@executable_path/Frameworks",
					"@loader_path/Frameworks",
				);
				PRODUCT_BUNDLE_IDENTIFIER = com.adriansmith.FlashcardsTests;
				PRODUCT_NAME = "$(TARGET_NAME)";
				SWIFT_VERSION = 4.2;
				TARGETED_DEVICE_FAMILY = "1,2";
				TEST_HOST = "$(BUILT_PRODUCTS_DIR)/Flashcards.app/Flashcards";
			};
			name = Debug;
		};
		A8A675FC21728EAB007C0C3E /* Release */ = {
			isa = XCBuildConfiguration;
			buildSettings = {
				ALWAYS_EMBED_SWIFT_STANDARD_LIBRARIES = YES;
				BUNDLE_LOADER = "$(TEST_HOST)";
				CODE_SIGN_STYLE = Automatic;
				DEVELOPMENT_TEAM = CQXBT69VFB;
				INFOPLIST_FILE = FlashcardsTests/Info.plist;
				LD_RUNPATH_SEARCH_PATHS = (
					"$(inherited)",
					"@executable_path/Frameworks",
					"@loader_path/Frameworks",
				);
				PRODUCT_BUNDLE_IDENTIFIER = com.adriansmith.FlashcardsTests;
				PRODUCT_NAME = "$(TARGET_NAME)";
				SWIFT_VERSION = 4.2;
				TARGETED_DEVICE_FAMILY = "1,2";
				TEST_HOST = "$(BUILT_PRODUCTS_DIR)/Flashcards.app/Flashcards";
			};
			name = Release;
		};
		A8A675FE21728EAB007C0C3E /* Debug */ = {
			isa = XCBuildConfiguration;
			buildSettings = {
				ALWAYS_EMBED_SWIFT_STANDARD_LIBRARIES = YES;
				CODE_SIGN_STYLE = Automatic;
				DEVELOPMENT_TEAM = CQXBT69VFB;
				INFOPLIST_FILE = FlashcardsUITests/Info.plist;
				LD_RUNPATH_SEARCH_PATHS = (
					"$(inherited)",
					"@executable_path/Frameworks",
					"@loader_path/Frameworks",
				);
				PRODUCT_BUNDLE_IDENTIFIER = com.adriansmith.FlashcardsUITests;
				PRODUCT_NAME = "$(TARGET_NAME)";
				SWIFT_VERSION = 4.2;
				TARGETED_DEVICE_FAMILY = "1,2";
				TEST_TARGET_NAME = Flashcards;
			};
			name = Debug;
		};
		A8A675FF21728EAB007C0C3E /* Release */ = {
			isa = XCBuildConfiguration;
			buildSettings = {
				ALWAYS_EMBED_SWIFT_STANDARD_LIBRARIES = YES;
				CODE_SIGN_STYLE = Automatic;
				DEVELOPMENT_TEAM = CQXBT69VFB;
				INFOPLIST_FILE = FlashcardsUITests/Info.plist;
				LD_RUNPATH_SEARCH_PATHS = (
					"$(inherited)",
					"@executable_path/Frameworks",
					"@loader_path/Frameworks",
				);
				PRODUCT_BUNDLE_IDENTIFIER = com.adriansmith.FlashcardsUITests;
				PRODUCT_NAME = "$(TARGET_NAME)";
				SWIFT_VERSION = 4.2;
				TARGETED_DEVICE_FAMILY = "1,2";
				TEST_TARGET_NAME = Flashcards;
			};
			name = Release;
		};
/* End XCBuildConfiguration section */

/* Begin XCConfigurationList section */
		A8A675CA21728EA9007C0C3E /* Build configuration list for PBXProject "Flashcards" */ = {
			isa = XCConfigurationList;
			buildConfigurations = (
				A8A675F521728EAB007C0C3E /* Debug */,
				A8A675F621728EAB007C0C3E /* Release */,
			);
			defaultConfigurationIsVisible = 0;
			defaultConfigurationName = Release;
		};
		A8A675F721728EAB007C0C3E /* Build configuration list for PBXNativeTarget "Flashcards" */ = {
			isa = XCConfigurationList;
			buildConfigurations = (
				A8A675F821728EAB007C0C3E /* Debug */,
				A8A675F921728EAB007C0C3E /* Release */,
			);
			defaultConfigurationIsVisible = 0;
			defaultConfigurationName = Release;
		};
		A8A675FA21728EAB007C0C3E /* Build configuration list for PBXNativeTarget "FlashcardsTests" */ = {
			isa = XCConfigurationList;
			buildConfigurations = (
				A8A675FB21728EAB007C0C3E /* Debug */,
				A8A675FC21728EAB007C0C3E /* Release */,
			);
			defaultConfigurationIsVisible = 0;
			defaultConfigurationName = Release;
		};
		A8A675FD21728EAB007C0C3E /* Build configuration list for PBXNativeTarget "FlashcardsUITests" */ = {
			isa = XCConfigurationList;
			buildConfigurations = (
				A8A675FE21728EAB007C0C3E /* Debug */,
				A8A675FF21728EAB007C0C3E /* Release */,
			);
			defaultConfigurationIsVisible = 0;
			defaultConfigurationName = Release;
		};
/* End XCConfigurationList section */
	};
	rootObject = A8A675C721728EA9007C0C3E /* Project object */;
}
